// !$*UTF8*$!
{
	archiveVersion = 1;
	classes = {
	};
	objectVersion = 50;
	objects = {

/* Begin PBXBuildFile section */
		8A05E7CC277476CC00A25C7C /* AppDelegate.swift in Sources */ = {isa = PBXBuildFile; fileRef = 8A05E7CB277476CC00A25C7C /* AppDelegate.swift */; };
		8A05E7CE277476CC00A25C7C /* SceneDelegate.swift in Sources */ = {isa = PBXBuildFile; fileRef = 8A05E7CD277476CC00A25C7C /* SceneDelegate.swift */; };
		8A05E7D0277476CC00A25C7C /* ViewController.swift in Sources */ = {isa = PBXBuildFile; fileRef = 8A05E7CF277476CC00A25C7C /* ViewController.swift */; };
		8A05E7D3277476CC00A25C7C /* Main.storyboard in Resources */ = {isa = PBXBuildFile; fileRef = 8A05E7D1277476CC00A25C7C /* Main.storyboard */; };
		8A05E7D5277476CE00A25C7C /* Assets.xcassets in Resources */ = {isa = PBXBuildFile; fileRef = 8A05E7D4277476CE00A25C7C /* Assets.xcassets */; };
		8A05E7D8277476CE00A25C7C /* LaunchScreen.storyboard in Resources */ = {isa = PBXBuildFile; fileRef = 8A05E7D6277476CE00A25C7C /* LaunchScreen.storyboard */; };
/* End PBXBuildFile section */

/* Begin PBXFileReference section */
		8A05E7C8277476CC00A25C7C /* azkaree.app */ = {isa = PBXFileReference; explicitFileType = wrapper.application; includeInIndex = 0; path = azkaree.app; sourceTree = BUILT_PRODUCTS_DIR; };
		8A05E7CB277476CC00A25C7C /* AppDelegate.swift */ = {isa = PBXFileReference; lastKnownFileType = sourcecode.swift; path = AppDelegate.swift; sourceTree = "<group>"; };
		8A05E7CD277476CC00A25C7C /* SceneDelegate.swift */ = {isa = PBXFileReference; lastKnownFileType = sourcecode.swift; path = SceneDelegate.swift; sourceTree = "<group>"; };
		8A05E7CF277476CC00A25C7C /* ViewController.swift */ = {isa = PBXFileReference; lastKnownFileType = sourcecode.swift; path = ViewController.swift; sourceTree = "<group>"; };
		8A05E7D2277476CC00A25C7C /* Base */ = {isa = PBXFileReference; lastKnownFileType = file.storyboard; name = Base; path = Base.lproj/Main.storyboard; sourceTree = "<group>"; };
		8A05E7D4277476CE00A25C7C /* Assets.xcassets */ = {isa = PBXFileReference; lastKnownFileType = folder.assetcatalog; path = Assets.xcassets; sourceTree = "<group>"; };
		8A05E7D7277476CE00A25C7C /* Base */ = {isa = PBXFileReference; lastKnownFileType = file.storyboard; name = Base; path = Base.lproj/LaunchScreen.storyboard; sourceTree = "<group>"; };
		8A05E7D9277476CE00A25C7C /* Info.plist */ = {isa = PBXFileReference; lastKnownFileType = text.plist.xml; path = Info.plist; sourceTree = "<group>"; };
/* End PBXFileReference section */

/* Begin PBXFrameworksBuildPhase section */
		8A05E7C5277476CC00A25C7C /* Frameworks */ = {
			isa = PBXFrameworksBuildPhase;
			buildActionMask = 2147483647;
			files = (
			);
			runOnlyForDeploymentPostprocessing = 0;
		};
/* End PBXFrameworksBuildPhase section */

/* Begin PBXGroup section */
		8A05E7BF277476CC00A25C7C = {
			isa = PBXGroup;
			children = (
				8A05E7CA277476CC00A25C7C /* azkaree */,
				8A05E7C9277476CC00A25C7C /* Products */,
			);
			sourceTree = "<group>";
		};
		8A05E7C9277476CC00A25C7C /* Products */ = {
			isa = PBXGroup;
			children = (
				8A05E7C8277476CC00A25C7C /* azkaree.app */,
			);
			name = Products;
			sourceTree = "<group>";
		};
		8A05E7CA277476CC00A25C7C /* azkaree */ = {
			isa = PBXGroup;
			children = (
				8A05E7CB277476CC00A25C7C /* AppDelegate.swift */,
				8A05E7CD277476CC00A25C7C /* SceneDelegate.swift */,
				8A05E7CF277476CC00A25C7C /* ViewController.swift */,
				8A05E7D1277476CC00A25C7C /* Main.storyboard */,
				8A05E7D4277476CE00A25C7C /* Assets.xcassets */,
				8A05E7D6277476CE00A25C7C /* LaunchScreen.storyboard */,
				8A05E7D9277476CE00A25C7C /* Info.plist */,
			);
			path = azkaree;
			sourceTree = "<group>";
		};
/* End PBXGroup section */

/* Begin PBXNativeTarget section */
		8A05E7C7277476CC00A25C7C /* azkaree */ = {
			isa = PBXNativeTarget;
			buildConfigurationList = 8A05E7DC277476CE00A25C7C /* Build configuration list for PBXNativeTarget "azkaree" */;
			buildPhases = (
				8A05E7C4277476CC00A25C7C /* Sources */,
				8A05E7C5277476CC00A25C7C /* Frameworks */,
				8A05E7C6277476CC00A25C7C /* Resources */,
			);
			buildRules = (
			);
			dependencies = (
			);
			name = azkaree;
			productName = azkaree;
			productReference = 8A05E7C8277476CC00A25C7C /* azkaree.app */;
			productType = "com.apple.product-type.application";
		};
/* End PBXNativeTarget section */

/* Begin PBXProject section */
		8A05E7C0277476CC00A25C7C /* Project object */ = {
			isa = PBXProject;
			attributes = {
				LastSwiftUpdateCheck = 1250;
				LastUpgradeCheck = 1250;
				TargetAttributes = {
					8A05E7C7277476CC00A25C7C = {
						CreatedOnToolsVersion = 12.5.1;
					};
				};
			};
			buildConfigurationList = 8A05E7C3277476CC00A25C7C /* Build configuration list for PBXProject "azkaree" */;
			compatibilityVersion = "Xcode 9.3";
			developmentRegion = en;
			hasScannedForEncodings = 0;
			knownRegions = (
				en,
				Base,
			);
			mainGroup = 8A05E7BF277476CC00A25C7C;
			productRefGroup = 8A05E7C9277476CC00A25C7C /* Products */;
			projectDirPath = "";
			projectRoot = "";
			targets = (
				8A05E7C7277476CC00A25C7C /* azkaree */,
			);
		};
/* End PBXProject section */

/* Begin PBXResourcesBuildPhase section */
		8A05E7C6277476CC00A25C7C /* Resources */ = {
			isa = PBXResourcesBuildPhase;
			buildActionMask = 2147483647;
			files = (
				8A05E7D8277476CE00A25C7C /* LaunchScreen.storyboard in Resources */,
				8A05E7D5277476CE00A25C7C /* Assets.xcassets in Resources */,
				8A05E7D3277476CC00A25C7C /* Main.storyboard in Resources */,
			);
			runOnlyForDeploymentPostprocessing = 0;
		};
/* End PBXResourcesBuildPhase section */

/* Begin PBXSourcesBuildPhase section */
		8A05E7C4277476CC00A25C7C /* Sources */ = {
			isa = PBXSourcesBuildPhase;
			buildActionMask = 2147483647;
			files = (
				8A05E7D0277476CC00A25C7C /* ViewController.swift in Sources */,
				8A05E7CC277476CC00A25C7C /* AppDelegate.swift in Sources */,
				8A05E7CE277476CC00A25C7C /* SceneDelegate.swift in Sources */,
			);
			runOnlyForDeploymentPostprocessing = 0;
		};
/* End PBXSourcesBuildPhase section */

/* Begin PBXVariantGroup section */
		8A05E7D1277476CC00A25C7C /* Main.storyboard */ = {
			isa = PBXVariantGroup;
			children = (
				8A05E7D2277476CC00A25C7C /* Base */,
			);
			name = Main.storyboard;
			sourceTree = "<group>";
		};
		8A05E7D6277476CE00A25C7C /* LaunchScreen.storyboard */ = {
			isa = PBXVariantGroup;
			children = (
				8A05E7D7277476CE00A25C7C /* Base */,
			);
			name = LaunchScreen.storyboard;
			sourceTree = "<group>";
		};
/* End PBXVariantGroup section */

/* Begin XCBuildConfiguration section */
		8A05E7DA277476CE00A25C7C /* Debug */ = {
			isa = XCBuildConfiguration;
			buildSettings = {
				ALWAYS_SEARCH_USER_PATHS = NO;
				CLANG_ANALYZER_NONNULL = YES;
				CLANG_ANALYZER_NUMBER_OBJECT_CONVERSION = YES_AGGRESSIVE;
				CLANG_CXX_LANGUAGE_STANDARD = "gnu++14";
				CLANG_CXX_LIBRARY = "libc++";
				CLANG_ENABLE_MODULES = YES;
				CLANG_ENABLE_OBJC_ARC = YES;
				CLANG_ENABLE_OBJC_WEAK = YES;
				CLANG_WARN_BLOCK_CAPTURE_AUTORELEASING = YES;
				CLANG_WARN_BOOL_CONVERSION = YES;
				CLANG_WARN_COMMA = YES;
				CLANG_WARN_CONSTANT_CONVERSION = YES;
				CLANG_WARN_DEPRECATED_OBJC_IMPLEMENTATIONS = YES;
				CLANG_WARN_DIRECT_OBJC_ISA_USAGE = YES_ERROR;
				CLANG_WARN_DOCUMENTATION_COMMENTS = YES;
				CLANG_WARN_EMPTY_BODY = YES;
				CLANG_WARN_ENUM_CONVERSION = YES;
				CLANG_WARN_INFINITE_RECURSION = YES;
				CLANG_WARN_INT_CONVERSION = YES;
				CLANG_WARN_NON_LITERAL_NULL_CONVERSION = YES;
				CLANG_WARN_OBJC_IMPLICIT_RETAIN_SELF = YES;
				CLANG_WARN_OBJC_LITERAL_CONVERSION = YES;
				CLANG_WARN_OBJC_ROOT_CLASS = YES_ERROR;
				CLANG_WARN_QUOTED_INCLUDE_IN_FRAMEWORK_HEADER = YES;
				CLANG_WARN_RANGE_LOOP_ANALYSIS = YES;
				CLANG_WARN_STRICT_PROTOTYPES = YES;
				CLANG_WARN_SUSPICIOUS_MOVE = YES;
				CLANG_WARN_UNGUARDED_AVAILABILITY = YES_AGGRESSIVE;
				CLANG_WARN_UNREACHABLE_CODE = YES;
				CLANG_WARN__DUPLICATE_METHOD_MATCH = YES;
				COPY_PHASE_STRIP = NO;
				DEBUG_INFORMATION_FORMAT = dwarf;
				ENABLE_STRICT_OBJC_MSGSEND = YES;
				ENABLE_TESTABILITY = YES;
				GCC_C_LANGUAGE_STANDARD = gnu11;
				GCC_DYNAMIC_NO_PIC = NO;
				GCC_NO_COMMON_BLOCKS = YES;
				GCC_OPTIMIZATION_LEVEL = 0;
				GCC_PREPROCESSOR_DEFINITIONS = (
					"DEBUG=1",
					"$(inherited)",
				);
				GCC_WARN_64_TO_32_BIT_CONVERSION = YES;
				GCC_WARN_ABOUT_RETURN_TYPE = YES_ERROR;
				GCC_WARN_UNDECLARED_SELECTOR = YES;
				GCC_WARN_UNINITIALIZED_AUTOS = YES_AGGRESSIVE;
				GCC_WARN_UNUSED_FUNCTION = YES;
				GCC_WARN_UNUSED_VARIABLE = YES;
				IPHONEOS_DEPLOYMENT_TARGET = 14.5;
				MTL_ENABLE_DEBUG_INFO = INCLUDE_SOURCE;
				MTL_FAST_MATH = YES;
				ONLY_ACTIVE_ARCH = YES;
				SDKROOT = iphoneos;
				SWIFT_ACTIVE_COMPILATION_CONDITIONS = DEBUG;
				SWIFT_OPTIMIZATION_LEVEL = "-Onone";
			};
			name = Debug;
		};
		8A05E7DB277476CE00A25C7C /* Release */ = {
			isa = XCBuildConfiguration;
			buildSettings = {
				ALWAYS_SEARCH_USER_PATHS = NO;
				CLANG_ANALYZER_NONNULL = YES;
				CLANG_ANALYZER_NUMBER_OBJECT_CONVERSION = YES_AGGRESSIVE;
				CLANG_CXX_LANGUAGE_STANDARD = "gnu++14";
				CLANG_CXX_LIBRARY = "libc++";
				CLANG_ENABLE_MODULES = YES;
				CLANG_ENABLE_OBJC_ARC = YES;
				CLANG_ENABLE_OBJC_WEAK = YES;
				CLANG_WARN_BLOCK_CAPTURE_AUTORELEASING = YES;
				CLANG_WARN_BOOL_CONVERSION = YES;
				CLANG_WARN_COMMA = YES;
				CLANG_WARN_CONSTANT_CONVERSION = YES;
				CLANG_WARN_DEPRECATED_OBJC_IMPLEMENTATIONS = YES;
				CLANG_WARN_DIRECT_OBJC_ISA_USAGE = YES_ERROR;
				CLANG_WARN_DOCUMENTATION_COMMENTS = YES;
				CLANG_WARN_EMPTY_BODY = YES;
				CLANG_WARN_ENUM_CONVERSION = YES;
				CLANG_WARN_INFINITE_RECURSION = YES;
				CLANG_WARN_INT_CONVERSION = YES;
				CLANG_WARN_NON_LITERAL_NULL_CONVERSION = YES;
				CLANG_WARN_OBJC_IMPLICIT_RETAIN_SELF = YES;
				CLANG_WARN_OBJC_LITERAL_CONVERSION = YES;
				CLANG_WARN_OBJC_ROOT_CLASS = YES_ERROR;
				CLANG_WARN_QUOTED_INCLUDE_IN_FRAMEWORK_HEADER = YES;
				CLANG_WARN_RANGE_LOOP_ANALYSIS = YES;
				CLANG_WARN_STRICT_PROTOTYPES = YES;
				CLANG_WARN_SUSPICIOUS_MOVE = YES;
				CLANG_WARN_UNGUARDED_AVAILABILITY = YES_AGGRESSIVE;
				CLANG_WARN_UNREACHABLE_CODE = YES;
				CLANG_WARN__DUPLICATE_METHOD_MATCH = YES;
				COPY_PHASE_STRIP = NO;
				DEBUG_INFORMATION_FORMAT = "dwarf-with-dsym";
				ENABLE_NS_ASSERTIONS = NO;
				ENABLE_STRICT_OBJC_MSGSEND = YES;
				GCC_C_LANGUAGE_STANDARD = gnu11;
				GCC_NO_COMMON_BLOCKS = YES;
				GCC_WARN_64_TO_32_BIT_CONVERSION = YES;
				GCC_WARN_ABOUT_RETURN_TYPE = YES_ERROR;
				GCC_WARN_UNDECLARED_SELECTOR = YES;
				GCC_WARN_UNINITIALIZED_AUTOS = YES_AGGRESSIVE;
				GCC_WARN_UNUSED_FUNCTION = YES;
				GCC_WARN_UNUSED_VARIABLE = YES;
				IPHONEOS_DEPLOYMENT_TARGET = 14.5;
				MTL_ENABLE_DEBUG_INFO = NO;
				MTL_FAST_MATH = YES;
				SDKROOT = iphoneos;
				SWIFT_COMPILATION_MODE = wholemodule;
				SWIFT_OPTIMIZATION_LEVEL = "-O";
				VALIDATE_PRODUCT = YES;
			};
			name = Release;
		};
		8A05E7DD277476CE00A25C7C /* Debug */ = {
			isa = XCBuildConfiguration;
			buildSettings = {
				ASSETCATALOG_COMPILER_APPICON_NAME = AppIcon;
				ASSETCATALOG_COMPILER_GLOBAL_ACCENT_COLOR_NAME = AccentColor;
				CODE_SIGN_STYLE = Automatic;
				INFOPLIST_FILE = azkaree/Info.plist;
				LD_RUNPATH_SEARCH_PATHS = (
					"$(inherited)",
					"@executable_path/Frameworks",
				);
				PRODUCT_BUNDLE_IDENTIFIER = com.ps.omarmattr.azkaree;
				PRODUCT_NAME = "$(TARGET_NAME)";
				SWIFT_VERSION = 5.0;
				TARGETED_DEVICE_FAMILY = "1,2";
			};
			name = Debug;
		};
		8A05E7DE277476CE00A25C7C /* Release */ = {
			isa = XCBuildConfiguration;
			buildSettings = {
				ASSETCATALOG_COMPILER_APPICON_NAME = AppIcon;
				ASSETCATALOG_COMPILER_GLOBAL_ACCENT_COLOR_NAME = AccentColor;
				CODE_SIGN_STYLE = Automatic;
				INFOPLIST_FILE = azkaree/Info.plist;
				LD_RUNPATH_SEARCH_PATHS = (
					"$(inherited)",
					"@executable_path/Frameworks",
				);
				PRODUCT_BUNDLE_IDENTIFIER = com.ps.omarmattr.azkaree;
				PRODUCT_NAME = "$(TARGET_NAME)";
				SWIFT_VERSION = 5.0;
				TARGETED_DEVICE_FAMILY = "1,2";
			};
			name = Release;
		};
/* End XCBuildConfiguration section */

/* Begin XCConfigurationList section */
		8A05E7C3277476CC00A25C7C /* Build configuration list for PBXProject "azkaree" */ = {
			isa = XCConfigurationList;
			buildConfigurations = (
				8A05E7DA277476CE00A25C7C /* Debug */,
				8A05E7DB277476CE00A25C7C /* Release */,
			);
			defaultConfigurationIsVisible = 0;
			defaultConfigurationName = Release;
		};
		8A05E7DC277476CE00A25C7C /* Build configuration list for PBXNativeTarget "azkaree" */ = {
			isa = XCConfigurationList;
			buildConfigurations = (
				8A05E7DD277476CE00A25C7C /* Debug */,
				8A05E7DE277476CE00A25C7C /* Release */,
			);
			defaultConfigurationIsVisible = 0;
			defaultConfigurationName = Release;
		};
/* End XCConfigurationList section */
	};
	rootObject = 8A05E7C0277476CC00A25C7C /* Project object */;
}
