// !$*UTF8*$!
{
	archiveVersion = 1;
	classes = {
	};
	objectVersion = 50;
	objects = {

/* Begin PBXBuildFile section */
		88F3433C27762A3500DBA8CF /* SettingViewController.swift in Sources */ = {isa = PBXBuildFile; fileRef = 88F3433B27762A3500DBA8CF /* SettingViewController.swift */; };
		88F343412777221700DBA8CF /* SplashDataViewController.swift in Sources */ = {isa = PBXBuildFile; fileRef = 88F343402777221700DBA8CF /* SplashDataViewController.swift */; };
		88F343442777225800DBA8CF /* CustomPageViewController.swift in Sources */ = {isa = PBXBuildFile; fileRef = 88F343432777225800DBA8CF /* CustomPageViewController.swift */; };
		8A05E7CC277476CC00A25C7C /* AppDelegate.swift in Sources */ = {isa = PBXBuildFile; fileRef = 8A05E7CB277476CC00A25C7C /* AppDelegate.swift */; };
		8A05E7CE277476CC00A25C7C /* SceneDelegate.swift in Sources */ = {isa = PBXBuildFile; fileRef = 8A05E7CD277476CC00A25C7C /* SceneDelegate.swift */; };
		8A05E7D0277476CC00A25C7C /* ViewController.swift in Sources */ = {isa = PBXBuildFile; fileRef = 8A05E7CF277476CC00A25C7C /* ViewController.swift */; };
		8A05E7D3277476CC00A25C7C /* Main.storyboard in Resources */ = {isa = PBXBuildFile; fileRef = 8A05E7D1277476CC00A25C7C /* Main.storyboard */; };
		8A05E7D5277476CE00A25C7C /* Assets.xcassets in Resources */ = {isa = PBXBuildFile; fileRef = 8A05E7D4277476CE00A25C7C /* Assets.xcassets */; };
		8A05E7D8277476CE00A25C7C /* LaunchScreen.storyboard in Resources */ = {isa = PBXBuildFile; fileRef = 8A05E7D6277476CE00A25C7C /* LaunchScreen.storyboard */; };
		8A05E8022774C18A00A25C7C /* HomeViewController.swift in Sources */ = {isa = PBXBuildFile; fileRef = 8A05E8012774C18A00A25C7C /* HomeViewController.swift */; };
		8A05E8062774D55A00A25C7C /* ItemHomeCollectionViewCell.swift in Sources */ = {isa = PBXBuildFile; fileRef = 8A05E8042774D55A00A25C7C /* ItemHomeCollectionViewCell.swift */; };
		8A05E8072774D55A00A25C7C /* ItemHomeCollectionViewCell.xib in Resources */ = {isa = PBXBuildFile; fileRef = 8A05E8052774D55A00A25C7C /* ItemHomeCollectionViewCell.xib */; };
		8A05E80B2774DBCE00A25C7C /* ItemAzkarCollectionViewCell.swift in Sources */ = {isa = PBXBuildFile; fileRef = 8A05E8092774DBCE00A25C7C /* ItemAzkarCollectionViewCell.swift */; };
		8A05E80C2774DBCE00A25C7C /* ItemAzkarCollectionViewCell.xib in Resources */ = {isa = PBXBuildFile; fileRef = 8A05E80A2774DBCE00A25C7C /* ItemAzkarCollectionViewCell.xib */; };
		8A05E80E2774DCDE00A25C7C /* AzkarViewController.swift in Sources */ = {isa = PBXBuildFile; fileRef = 8A05E80D2774DCDE00A25C7C /* AzkarViewController.swift */; };
		8A05E8102774E3D300A25C7C /* FavoriteViewController.swift in Sources */ = {isa = PBXBuildFile; fileRef = 8A05E80F2774E3D300A25C7C /* FavoriteViewController.swift */; };
		8A05E8142774E44200A25C7C /* ItemFovaritCollectionViewCell.swift in Sources */ = {isa = PBXBuildFile; fileRef = 8A05E8122774E44200A25C7C /* ItemFovaritCollectionViewCell.swift */; };
		8A05E8152774E44200A25C7C /* ItemFovaritCollectionViewCell.xib in Resources */ = {isa = PBXBuildFile; fileRef = 8A05E8132774E44200A25C7C /* ItemFovaritCollectionViewCell.xib */; };
		8A6977B22778C07000D996B5 /* MyAppBar.swift in Sources */ = {isa = PBXBuildFile; fileRef = 8A6977B12778C07000D996B5 /* MyAppBar.swift */; };
		8A7A22C22774F62C00CBD1F6 /* ConstantClass.swift in Sources */ = {isa = PBXBuildFile; fileRef = 8A7A22C12774F62C00CBD1F6 /* ConstantClass.swift */; };
		8A7A22C42776037300CBD1F6 /* MalaViewController.swift in Sources */ = {isa = PBXBuildFile; fileRef = 8A7A22C32776037300CBD1F6 /* MalaViewController.swift */; };
		8A7A22C82777487500CBD1F6 /* MyTabBarController.swift in Sources */ = {isa = PBXBuildFile; fileRef = 8A7A22C72777487500CBD1F6 /* MyTabBarController.swift */; };
		8A7A22CA27774AA100CBD1F6 /* ItemHome.swift in Sources */ = {isa = PBXBuildFile; fileRef = 8A7A22C927774AA100CBD1F6 /* ItemHome.swift */; };
		8A7A22CE2777537500CBD1F6 /* JsonReader.swift in Sources */ = {isa = PBXBuildFile; fileRef = 8A7A22CD2777537500CBD1F6 /* JsonReader.swift */; };
		8A7A22D02777542C00CBD1F6 /* Zekeer.swift in Sources */ = {isa = PBXBuildFile; fileRef = 8A7A22CF2777542C00CBD1F6 /* Zekeer.swift */; };
		8A7A22DD27775EBB00CBD1F6 /* data1.json in Resources */ = {isa = PBXBuildFile; fileRef = 8A7A22CC2777531000CBD1F6 /* data1.json */; };
/* End PBXBuildFile section */

/* Begin PBXFileReference section */
		88F3433B27762A3500DBA8CF /* SettingViewController.swift */ = {isa = PBXFileReference; lastKnownFileType = sourcecode.swift; path = SettingViewController.swift; sourceTree = "<group>"; };
		88F343402777221700DBA8CF /* SplashDataViewController.swift */ = {isa = PBXFileReference; lastKnownFileType = sourcecode.swift; path = SplashDataViewController.swift; sourceTree = "<group>"; };
		88F343432777225800DBA8CF /* CustomPageViewController.swift */ = {isa = PBXFileReference; lastKnownFileType = sourcecode.swift; path = CustomPageViewController.swift; sourceTree = "<group>"; };
		8A05E7C8277476CC00A25C7C /* azkaree.app */ = {isa = PBXFileReference; explicitFileType = wrapper.application; includeInIndex = 0; path = azkaree.app; sourceTree = BUILT_PRODUCTS_DIR; };
		8A05E7CB277476CC00A25C7C /* AppDelegate.swift */ = {isa = PBXFileReference; lastKnownFileType = sourcecode.swift; path = AppDelegate.swift; sourceTree = "<group>"; };
		8A05E7CD277476CC00A25C7C /* SceneDelegate.swift */ = {isa = PBXFileReference; lastKnownFileType = sourcecode.swift; path = SceneDelegate.swift; sourceTree = "<group>"; };
		8A05E7CF277476CC00A25C7C /* ViewController.swift */ = {isa = PBXFileReference; lastKnownFileType = sourcecode.swift; path = ViewController.swift; sourceTree = "<group>"; };
		8A05E7D2277476CC00A25C7C /* Base */ = {isa = PBXFileReference; lastKnownFileType = file.storyboard; name = Base; path = Base.lproj/Main.storyboard; sourceTree = "<group>"; };
		8A05E7D4277476CE00A25C7C /* Assets.xcassets */ = {isa = PBXFileReference; lastKnownFileType = folder.assetcatalog; path = Assets.xcassets; sourceTree = "<group>"; };
		8A05E7D7277476CE00A25C7C /* Base */ = {isa = PBXFileReference; lastKnownFileType = file.storyboard; name = Base; path = Base.lproj/LaunchScreen.storyboard; sourceTree = "<group>"; };
		8A05E7D9277476CE00A25C7C /* Info.plist */ = {isa = PBXFileReference; lastKnownFileType = text.plist.xml; path = Info.plist; sourceTree = "<group>"; };
		8A05E7E627747EE400A25C7C /* Roboto-LightItalic.ttf */ = {isa = PBXFileReference; lastKnownFileType = file; path = "Roboto-LightItalic.ttf"; sourceTree = "<group>"; };
		8A05E7E727747EE400A25C7C /* Roboto-BoldItalic.ttf */ = {isa = PBXFileReference; lastKnownFileType = file; path = "Roboto-BoldItalic.ttf"; sourceTree = "<group>"; };
		8A05E7E827747EE400A25C7C /* Roboto-Medium.ttf */ = {isa = PBXFileReference; lastKnownFileType = file; path = "Roboto-Medium.ttf"; sourceTree = "<group>"; };
		8A05E7E927747EE400A25C7C /* Roboto-Black.ttf */ = {isa = PBXFileReference; lastKnownFileType = file; path = "Roboto-Black.ttf"; sourceTree = "<group>"; };
		8A05E7EA27747EE400A25C7C /* Roboto-Thin.ttf */ = {isa = PBXFileReference; lastKnownFileType = file; path = "Roboto-Thin.ttf"; sourceTree = "<group>"; };
		8A05E7EB27747EE400A25C7C /* Roboto-ThinItalic.ttf */ = {isa = PBXFileReference; lastKnownFileType = file; path = "Roboto-ThinItalic.ttf"; sourceTree = "<group>"; };
		8A05E7EC27747EE400A25C7C /* Roboto-Light.ttf */ = {isa = PBXFileReference; lastKnownFileType = file; path = "Roboto-Light.ttf"; sourceTree = "<group>"; };
		8A05E7ED27747EE400A25C7C /* Roboto-BlackItalic.ttf */ = {isa = PBXFileReference; lastKnownFileType = file; path = "Roboto-BlackItalic.ttf"; sourceTree = "<group>"; };
		8A05E7EE27747EE400A25C7C /* Roboto-Bold.ttf */ = {isa = PBXFileReference; lastKnownFileType = file; path = "Roboto-Bold.ttf"; sourceTree = "<group>"; };
		8A05E7EF27747EE400A25C7C /* Roboto-MediumItalic.ttf */ = {isa = PBXFileReference; lastKnownFileType = file; path = "Roboto-MediumItalic.ttf"; sourceTree = "<group>"; };
		8A05E7F027747EE400A25C7C /* Roboto-Regular.ttf */ = {isa = PBXFileReference; lastKnownFileType = file; path = "Roboto-Regular.ttf"; sourceTree = "<group>"; };
		8A05E7F127747EE500A25C7C /* Roboto-Italic.ttf */ = {isa = PBXFileReference; lastKnownFileType = file; path = "Roboto-Italic.ttf"; sourceTree = "<group>"; };
		8A05E8012774C18A00A25C7C /* HomeViewController.swift */ = {isa = PBXFileReference; lastKnownFileType = sourcecode.swift; path = HomeViewController.swift; sourceTree = "<group>"; };
		8A05E8042774D55A00A25C7C /* ItemHomeCollectionViewCell.swift */ = {isa = PBXFileReference; lastKnownFileType = sourcecode.swift; path = ItemHomeCollectionViewCell.swift; sourceTree = "<group>"; };
		8A05E8052774D55A00A25C7C /* ItemHomeCollectionViewCell.xib */ = {isa = PBXFileReference; lastKnownFileType = file.xib; path = ItemHomeCollectionViewCell.xib; sourceTree = "<group>"; };
		8A05E8092774DBCE00A25C7C /* ItemAzkarCollectionViewCell.swift */ = {isa = PBXFileReference; lastKnownFileType = sourcecode.swift; path = ItemAzkarCollectionViewCell.swift; sourceTree = "<group>"; };
		8A05E80A2774DBCE00A25C7C /* ItemAzkarCollectionViewCell.xib */ = {isa = PBXFileReference; lastKnownFileType = file.xib; path = ItemAzkarCollectionViewCell.xib; sourceTree = "<group>"; };
		8A05E80D2774DCDE00A25C7C /* AzkarViewController.swift */ = {isa = PBXFileReference; lastKnownFileType = sourcecode.swift; path = AzkarViewController.swift; sourceTree = "<group>"; };
		8A05E80F2774E3D300A25C7C /* FavoriteViewController.swift */ = {isa = PBXFileReference; lastKnownFileType = sourcecode.swift; path = FavoriteViewController.swift; sourceTree = "<group>"; };
		8A05E8122774E44200A25C7C /* ItemFovaritCollectionViewCell.swift */ = {isa = PBXFileReference; lastKnownFileType = sourcecode.swift; path = ItemFovaritCollectionViewCell.swift; sourceTree = "<group>"; };
		8A05E8132774E44200A25C7C /* ItemFovaritCollectionViewCell.xib */ = {isa = PBXFileReference; lastKnownFileType = file.xib; path = ItemFovaritCollectionViewCell.xib; sourceTree = "<group>"; };
		8A6977B12778C07000D996B5 /* MyAppBar.swift */ = {isa = PBXFileReference; lastKnownFileType = sourcecode.swift; path = MyAppBar.swift; sourceTree = "<group>"; };
		8A7A22C12774F62C00CBD1F6 /* ConstantClass.swift */ = {isa = PBXFileReference; fileEncoding = 4; lastKnownFileType = sourcecode.swift; path = ConstantClass.swift; sourceTree = "<group>"; };
		8A7A22C32776037300CBD1F6 /* MalaViewController.swift */ = {isa = PBXFileReference; lastKnownFileType = sourcecode.swift; path = MalaViewController.swift; sourceTree = "<group>"; };
		8A7A22C72777487500CBD1F6 /* MyTabBarController.swift */ = {isa = PBXFileReference; fileEncoding = 4; lastKnownFileType = sourcecode.swift; path = MyTabBarController.swift; sourceTree = "<group>"; };
		8A7A22C927774AA100CBD1F6 /* ItemHome.swift */ = {isa = PBXFileReference; lastKnownFileType = sourcecode.swift; path = ItemHome.swift; sourceTree = "<group>"; };
		8A7A22CC2777531000CBD1F6 /* data1.json */ = {isa = PBXFileReference; lastKnownFileType = text.json; path = data1.json; sourceTree = "<group>"; xcLanguageSpecificationIdentifier = xcode.lang.json; };
		8A7A22CD2777537500CBD1F6 /* JsonReader.swift */ = {isa = PBXFileReference; lastKnownFileType = sourcecode.swift; path = JsonReader.swift; sourceTree = "<group>"; xcLanguageSpecificationIdentifier = xcode.lang.swift; };
		8A7A22CF2777542C00CBD1F6 /* Zekeer.swift */ = {isa = PBXFileReference; lastKnownFileType = sourcecode.swift; path = Zekeer.swift; sourceTree = "<group>"; };
/* End PBXFileReference section */

/* Begin PBXFrameworksBuildPhase section */
		8A05E7C5277476CC00A25C7C /* Frameworks */ = {
			isa = PBXFrameworksBuildPhase;
			buildActionMask = 2147483647;
			files = (
			);
			runOnlyForDeploymentPostprocessing = 0;
		};
/* End PBXFrameworksBuildPhase section */

/* Begin PBXGroup section */
		8A05E7BF277476CC00A25C7C = {
			isa = PBXGroup;
			children = (
				8A05E7CA277476CC00A25C7C /* azkaree */,
				8A05E7D9277476CE00A25C7C /* Info.plist */,
				8A05E7C9277476CC00A25C7C /* Products */,
			);
			sourceTree = "<group>";
		};
		8A05E7C9277476CC00A25C7C /* Products */ = {
			isa = PBXGroup;
			children = (
				8A05E7C8277476CC00A25C7C /* azkaree.app */,
			);
			name = Products;
			sourceTree = "<group>";
		};
		8A05E7CA277476CC00A25C7C /* azkaree */ = {
			isa = PBXGroup;
			children = (
				8A7A22CB277752CB00CBD1F6 /* json-data */,
				8A05E7E02774777D00A25C7C /* viewConrollers */,
				8A7A22C02774F5EA00CBD1F6 /* utilt */,
				8A05E7E5277477D800A25C7C /* app */,
				8A05E7E4277477BA00A25C7C /* sounds */,
				8A05E7E3277477AD00A25C7C /* fonts */,
				8A05E7E22774779800A25C7C /* models */,
				8A05E7E12774778C00A25C7C /* assets */,
				8A05E7DF2774777200A25C7C /* views */,
			);
			path = azkaree;
			sourceTree = "<group>";
		};
		8A05E7DF2774777200A25C7C /* views */ = {
			isa = PBXGroup;
			children = (
				8A05E8112774E40000A25C7C /* itemFovaritCVC */,
				8A05E7FC2774C05000A25C7C /* itemAzkarTVC */,
				8A05E7F72774B63E00A25C7C /* itemHomeTVC */,
				8A05E7D1277476CC00A25C7C /* Main.storyboard */,
				8A05E7D6277476CE00A25C7C /* LaunchScreen.storyboard */,
			);
			path = views;
			sourceTree = "<group>";
		};
		8A05E7E02774777D00A25C7C /* viewConrollers */ = {
			isa = PBXGroup;
			children = (
				8A7A22C72777487500CBD1F6 /* MyTabBarController.swift */,
				88F343432777225800DBA8CF /* CustomPageViewController.swift */,
				88F343402777221700DBA8CF /* SplashDataViewController.swift */,
				8A05E7CF277476CC00A25C7C /* ViewController.swift */,
				8A05E8012774C18A00A25C7C /* HomeViewController.swift */,
				8A05E80D2774DCDE00A25C7C /* AzkarViewController.swift */,
				8A05E80F2774E3D300A25C7C /* FavoriteViewController.swift */,
				8A7A22C32776037300CBD1F6 /* MalaViewController.swift */,
				88F3433B27762A3500DBA8CF /* SettingViewController.swift */,
				8A6977B12778C07000D996B5 /* MyAppBar.swift */,
			);
			path = viewConrollers;
			sourceTree = "<group>";
		};
		8A05E7E12774778C00A25C7C /* assets */ = {
			isa = PBXGroup;
			children = (
				8A05E7D4277476CE00A25C7C /* Assets.xcassets */,
			);
			path = assets;
			sourceTree = "<group>";
		};
		8A05E7E22774779800A25C7C /* models */ = {
			isa = PBXGroup;
			children = (
				8A7A22C927774AA100CBD1F6 /* ItemHome.swift */,
				8A7A22CF2777542C00CBD1F6 /* Zekeer.swift */,
			);
			path = models;
			sourceTree = "<group>";
		};
		8A05E7E3277477AD00A25C7C /* fonts */ = {
			isa = PBXGroup;
			children = (
				8A05E7E927747EE400A25C7C /* Roboto-Black.ttf */,
				8A05E7ED27747EE400A25C7C /* Roboto-BlackItalic.ttf */,
				8A05E7EE27747EE400A25C7C /* Roboto-Bold.ttf */,
				8A05E7E727747EE400A25C7C /* Roboto-BoldItalic.ttf */,
				8A05E7F127747EE500A25C7C /* Roboto-Italic.ttf */,
				8A05E7EC27747EE400A25C7C /* Roboto-Light.ttf */,
				8A05E7E627747EE400A25C7C /* Roboto-LightItalic.ttf */,
				8A05E7E827747EE400A25C7C /* Roboto-Medium.ttf */,
				8A05E7EF27747EE400A25C7C /* Roboto-MediumItalic.ttf */,
				8A05E7F027747EE400A25C7C /* Roboto-Regular.ttf */,
				8A05E7EA27747EE400A25C7C /* Roboto-Thin.ttf */,
				8A05E7EB27747EE400A25C7C /* Roboto-ThinItalic.ttf */,
			);
			path = fonts;
			sourceTree = "<group>";
		};
		8A05E7E4277477BA00A25C7C /* sounds */ = {
			isa = PBXGroup;
			children = (
			);
			path = sounds;
			sourceTree = "<group>";
		};
		8A05E7E5277477D800A25C7C /* app */ = {
			isa = PBXGroup;
			children = (
				8A05E7CB277476CC00A25C7C /* AppDelegate.swift */,
				8A05E7CD277476CC00A25C7C /* SceneDelegate.swift */,
			);
			path = app;
			sourceTree = "<group>";
		};
		8A05E7F72774B63E00A25C7C /* itemHomeTVC */ = {
			isa = PBXGroup;
			children = (
				8A05E8042774D55A00A25C7C /* ItemHomeCollectionViewCell.swift */,
				8A05E8052774D55A00A25C7C /* ItemHomeCollectionViewCell.xib */,
			);
			path = itemHomeTVC;
			sourceTree = "<group>";
		};
		8A05E7FC2774C05000A25C7C /* itemAzkarTVC */ = {
			isa = PBXGroup;
			children = (
				8A05E8092774DBCE00A25C7C /* ItemAzkarCollectionViewCell.swift */,
				8A05E80A2774DBCE00A25C7C /* ItemAzkarCollectionViewCell.xib */,
			);
			path = itemAzkarTVC;
			sourceTree = "<group>";
		};
		8A05E8112774E40000A25C7C /* itemFovaritCVC */ = {
			isa = PBXGroup;
			children = (
				8A05E8122774E44200A25C7C /* ItemFovaritCollectionViewCell.swift */,
				8A05E8132774E44200A25C7C /* ItemFovaritCollectionViewCell.xib */,
			);
			path = itemFovaritCVC;
			sourceTree = "<group>";
		};
		8A7A22C02774F5EA00CBD1F6 /* utilt */ = {
			isa = PBXGroup;
			children = (
				8A7A22C12774F62C00CBD1F6 /* ConstantClass.swift */,
				8A7A22CD2777537500CBD1F6 /* JsonReader.swift */,
			);
			path = utilt;
			sourceTree = "<group>";
		};
		8A7A22CB277752CB00CBD1F6 /* json-data */ = {
			isa = PBXGroup;
			children = (
				8A7A22CC2777531000CBD1F6 /* data1.json */,
			);
			path = "json-data";
			sourceTree = "<group>";
		};
/* End PBXGroup section */

/* Begin PBXNativeTarget section */
		8A05E7C7277476CC00A25C7C /* azkaree */ = {
			isa = PBXNativeTarget;
			buildConfigurationList = 8A05E7DC277476CE00A25C7C /* Build configuration list for PBXNativeTarget "azkaree" */;
			buildPhases = (
				8A05E7C4277476CC00A25C7C /* Sources */,
				8A05E7C5277476CC00A25C7C /* Frameworks */,
				8A05E7C6277476CC00A25C7C /* Resources */,
			);
			buildRules = (
			);
			dependencies = (
			);
			name = azkaree;
			productName = azkaree;
			productReference = 8A05E7C8277476CC00A25C7C /* azkaree.app */;
			productType = "com.apple.product-type.application";
		};
/* End PBXNativeTarget section */

/* Begin PBXProject section */
		8A05E7C0277476CC00A25C7C /* Project object */ = {
			isa = PBXProject;
			attributes = {
				LastSwiftUpdateCheck = 1250;
				LastUpgradeCheck = 1250;
				TargetAttributes = {
					8A05E7C7277476CC00A25C7C = {
						CreatedOnToolsVersion = 12.5.1;
					};
				};
			};
			buildConfigurationList = 8A05E7C3277476CC00A25C7C /* Build configuration list for PBXProject "azkaree" */;
			compatibilityVersion = "Xcode 9.3";
			developmentRegion = en;
			hasScannedForEncodings = 0;
			knownRegions = (
				en,
				Base,
			);
			mainGroup = 8A05E7BF277476CC00A25C7C;
			productRefGroup = 8A05E7C9277476CC00A25C7C /* Products */;
			projectDirPath = "";
			projectRoot = "";
			targets = (
				8A05E7C7277476CC00A25C7C /* azkaree */,
			);
		};
/* End PBXProject section */

/* Begin PBXResourcesBuildPhase section */
		8A05E7C6277476CC00A25C7C /* Resources */ = {
			isa = PBXResourcesBuildPhase;
			buildActionMask = 2147483647;
			files = (
				8A05E7D8277476CE00A25C7C /* LaunchScreen.storyboard in Resources */,
				8A05E8152774E44200A25C7C /* ItemFovaritCollectionViewCell.xib in Resources */,
				8A7A22DD27775EBB00CBD1F6 /* data1.json in Resources */,
				8A05E7D5277476CE00A25C7C /* Assets.xcassets in Resources */,
				8A05E7D3277476CC00A25C7C /* Main.storyboard in Resources */,
				8A05E8072774D55A00A25C7C /* ItemHomeCollectionViewCell.xib in Resources */,
				8A05E80C2774DBCE00A25C7C /* ItemAzkarCollectionViewCell.xib in Resources */,
			);
			runOnlyForDeploymentPostprocessing = 0;
		};
/* End PBXResourcesBuildPhase section */

/* Begin PBXSourcesBuildPhase section */
		8A05E7C4277476CC00A25C7C /* Sources */ = {
			isa = PBXSourcesBuildPhase;
			buildActionMask = 2147483647;
			files = (
				8A05E7D0277476CC00A25C7C /* ViewController.swift in Sources */,
				8A6977B22778C07000D996B5 /* MyAppBar.swift in Sources */,
				88F3433C27762A3500DBA8CF /* SettingViewController.swift in Sources */,
				8A05E7CC277476CC00A25C7C /* AppDelegate.swift in Sources */,
				8A7A22C82777487500CBD1F6 /* MyTabBarController.swift in Sources */,
				8A05E8062774D55A00A25C7C /* ItemHomeCollectionViewCell.swift in Sources */,
				8A05E80E2774DCDE00A25C7C /* AzkarViewController.swift in Sources */,
				88F343412777221700DBA8CF /* SplashDataViewController.swift in Sources */,
				8A05E8142774E44200A25C7C /* ItemFovaritCollectionViewCell.swift in Sources */,
				8A05E7CE277476CC00A25C7C /* SceneDelegate.swift in Sources */,
				8A7A22C42776037300CBD1F6 /* MalaViewController.swift in Sources */,
				8A05E8022774C18A00A25C7C /* HomeViewController.swift in Sources */,
				8A7A22D02777542C00CBD1F6 /* Zekeer.swift in Sources */,
				8A05E8102774E3D300A25C7C /* FavoriteViewController.swift in Sources */,
				8A7A22C22774F62C00CBD1F6 /* ConstantClass.swift in Sources */,
				8A7A22CA27774AA100CBD1F6 /* ItemHome.swift in Sources */,
				88F343442777225800DBA8CF /* CustomPageViewController.swift in Sources */,
				8A7A22CE2777537500CBD1F6 /* JsonReader.swift in Sources */,
				8A05E80B2774DBCE00A25C7C /* ItemAzkarCollectionViewCell.swift in Sources */,
			);
			runOnlyForDeploymentPostprocessing = 0;
		};
/* End PBXSourcesBuildPhase section */

/* Begin PBXVariantGroup section */
		8A05E7D1277476CC00A25C7C /* Main.storyboard */ = {
			isa = PBXVariantGroup;
			children = (
				8A05E7D2277476CC00A25C7C /* Base */,
			);
			name = Main.storyboard;
			sourceTree = "<group>";
		};
		8A05E7D6277476CE00A25C7C /* LaunchScreen.storyboard */ = {
			isa = PBXVariantGroup;
			children = (
				8A05E7D7277476CE00A25C7C /* Base */,
			);
			name = LaunchScreen.storyboard;
			sourceTree = "<group>";
		};
/* End PBXVariantGroup section */

/* Begin XCBuildConfiguration section */
		8A05E7DA277476CE00A25C7C /* Debug */ = {
			isa = XCBuildConfiguration;
			buildSettings = {
				ALWAYS_SEARCH_USER_PATHS = NO;
				CLANG_ANALYZER_NONNULL = YES;
				CLANG_ANALYZER_NUMBER_OBJECT_CONVERSION = YES_AGGRESSIVE;
				CLANG_CXX_LANGUAGE_STANDARD = "gnu++14";
				CLANG_CXX_LIBRARY = "libc++";
				CLANG_ENABLE_MODULES = YES;
				CLANG_ENABLE_OBJC_ARC = YES;
				CLANG_ENABLE_OBJC_WEAK = YES;
				CLANG_WARN_BLOCK_CAPTURE_AUTORELEASING = YES;
				CLANG_WARN_BOOL_CONVERSION = YES;
				CLANG_WARN_COMMA = YES;
				CLANG_WARN_CONSTANT_CONVERSION = YES;
				CLANG_WARN_DEPRECATED_OBJC_IMPLEMENTATIONS = YES;
				CLANG_WARN_DIRECT_OBJC_ISA_USAGE = YES_ERROR;
				CLANG_WARN_DOCUMENTATION_COMMENTS = YES;
				CLANG_WARN_EMPTY_BODY = YES;
				CLANG_WARN_ENUM_CONVERSION = YES;
				CLANG_WARN_INFINITE_RECURSION = YES;
				CLANG_WARN_INT_CONVERSION = YES;
				CLANG_WARN_NON_LITERAL_NULL_CONVERSION = YES;
				CLANG_WARN_OBJC_IMPLICIT_RETAIN_SELF = YES;
				CLANG_WARN_OBJC_LITERAL_CONVERSION = YES;
				CLANG_WARN_OBJC_ROOT_CLASS = YES_ERROR;
				CLANG_WARN_QUOTED_INCLUDE_IN_FRAMEWORK_HEADER = YES;
				CLANG_WARN_RANGE_LOOP_ANALYSIS = YES;
				CLANG_WARN_STRICT_PROTOTYPES = YES;
				CLANG_WARN_SUSPICIOUS_MOVE = YES;
				CLANG_WARN_UNGUARDED_AVAILABILITY = YES_AGGRESSIVE;
				CLANG_WARN_UNREACHABLE_CODE = YES;
				CLANG_WARN__DUPLICATE_METHOD_MATCH = YES;
				COPY_PHASE_STRIP = NO;
				DEBUG_INFORMATION_FORMAT = dwarf;
				ENABLE_STRICT_OBJC_MSGSEND = YES;
				ENABLE_TESTABILITY = YES;
				GCC_C_LANGUAGE_STANDARD = gnu11;
				GCC_DYNAMIC_NO_PIC = NO;
				GCC_NO_COMMON_BLOCKS = YES;
				GCC_OPTIMIZATION_LEVEL = 0;
				GCC_PREPROCESSOR_DEFINITIONS = (
					"DEBUG=1",
					"$(inherited)",
				);
				GCC_WARN_64_TO_32_BIT_CONVERSION = YES;
				GCC_WARN_ABOUT_RETURN_TYPE = YES_ERROR;
				GCC_WARN_UNDECLARED_SELECTOR = YES;
				GCC_WARN_UNINITIALIZED_AUTOS = YES_AGGRESSIVE;
				GCC_WARN_UNUSED_FUNCTION = YES;
				GCC_WARN_UNUSED_VARIABLE = YES;
				IPHONEOS_DEPLOYMENT_TARGET = 14.5;
				MTL_ENABLE_DEBUG_INFO = INCLUDE_SOURCE;
				MTL_FAST_MATH = YES;
				ONLY_ACTIVE_ARCH = YES;
				SDKROOT = iphoneos;
				SWIFT_ACTIVE_COMPILATION_CONDITIONS = DEBUG;
				SWIFT_OPTIMIZATION_LEVEL = "-Onone";
			};
			name = Debug;
		};
		8A05E7DB277476CE00A25C7C /* Release */ = {
			isa = XCBuildConfiguration;
			buildSettings = {
				ALWAYS_SEARCH_USER_PATHS = NO;
				CLANG_ANALYZER_NONNULL = YES;
				CLANG_ANALYZER_NUMBER_OBJECT_CONVERSION = YES_AGGRESSIVE;
				CLANG_CXX_LANGUAGE_STANDARD = "gnu++14";
				CLANG_CXX_LIBRARY = "libc++";
				CLANG_ENABLE_MODULES = YES;
				CLANG_ENABLE_OBJC_ARC = YES;
				CLANG_ENABLE_OBJC_WEAK = YES;
				CLANG_WARN_BLOCK_CAPTURE_AUTORELEASING = YES;
				CLANG_WARN_BOOL_CONVERSION = YES;
				CLANG_WARN_COMMA = YES;
				CLANG_WARN_CONSTANT_CONVERSION = YES;
				CLANG_WARN_DEPRECATED_OBJC_IMPLEMENTATIONS = YES;
				CLANG_WARN_DIRECT_OBJC_ISA_USAGE = YES_ERROR;
				CLANG_WARN_DOCUMENTATION_COMMENTS = YES;
				CLANG_WARN_EMPTY_BODY = YES;
				CLANG_WARN_ENUM_CONVERSION = YES;
				CLANG_WARN_INFINITE_RECURSION = YES;
				CLANG_WARN_INT_CONVERSION = YES;
				CLANG_WARN_NON_LITERAL_NULL_CONVERSION = YES;
				CLANG_WARN_OBJC_IMPLICIT_RETAIN_SELF = YES;
				CLANG_WARN_OBJC_LITERAL_CONVERSION = YES;
				CLANG_WARN_OBJC_ROOT_CLASS = YES_ERROR;
				CLANG_WARN_QUOTED_INCLUDE_IN_FRAMEWORK_HEADER = YES;
				CLANG_WARN_RANGE_LOOP_ANALYSIS = YES;
				CLANG_WARN_STRICT_PROTOTYPES = YES;
				CLANG_WARN_SUSPICIOUS_MOVE = YES;
				CLANG_WARN_UNGUARDED_AVAILABILITY = YES_AGGRESSIVE;
				CLANG_WARN_UNREACHABLE_CODE = YES;
				CLANG_WARN__DUPLICATE_METHOD_MATCH = YES;
				COPY_PHASE_STRIP = NO;
				DEBUG_INFORMATION_FORMAT = "dwarf-with-dsym";
				ENABLE_NS_ASSERTIONS = NO;
				ENABLE_STRICT_OBJC_MSGSEND = YES;
				GCC_C_LANGUAGE_STANDARD = gnu11;
				GCC_NO_COMMON_BLOCKS = YES;
				GCC_WARN_64_TO_32_BIT_CONVERSION = YES;
				GCC_WARN_ABOUT_RETURN_TYPE = YES_ERROR;
				GCC_WARN_UNDECLARED_SELECTOR = YES;
				GCC_WARN_UNINITIALIZED_AUTOS = YES_AGGRESSIVE;
				GCC_WARN_UNUSED_FUNCTION = YES;
				GCC_WARN_UNUSED_VARIABLE = YES;
				IPHONEOS_DEPLOYMENT_TARGET = 14.5;
				MTL_ENABLE_DEBUG_INFO = NO;
				MTL_FAST_MATH = YES;
				SDKROOT = iphoneos;
				SWIFT_COMPILATION_MODE = wholemodule;
				SWIFT_OPTIMIZATION_LEVEL = "-O";
				VALIDATE_PRODUCT = YES;
			};
			name = Release;
		};
		8A05E7DD277476CE00A25C7C /* Debug */ = {
			isa = XCBuildConfiguration;
			buildSettings = {
				ASSETCATALOG_COMPILER_APPICON_NAME = AppIcon;
				ASSETCATALOG_COMPILER_GLOBAL_ACCENT_COLOR_NAME = AccentColor;
				CODE_SIGN_STYLE = Automatic;
				DEVELOPMENT_TEAM = T2MDBWF2GM;
				INFOPLIST_FILE = Info.plist;
				IPHONEOS_DEPLOYMENT_TARGET = 14.4;
				LD_RUNPATH_SEARCH_PATHS = (
					"$(inherited)",
					"@executable_path/Frameworks",
				);
				PRODUCT_BUNDLE_IDENTIFIER = com.ps.omarmattr.azkaree;
				PRODUCT_NAME = "$(TARGET_NAME)";
				SWIFT_VERSION = 5.0;
				TARGETED_DEVICE_FAMILY = "1,2";
			};
			name = Debug;
		};
		8A05E7DE277476CE00A25C7C /* Release */ = {
			isa = XCBuildConfiguration;
			buildSettings = {
				ASSETCATALOG_COMPILER_APPICON_NAME = AppIcon;
				ASSETCATALOG_COMPILER_GLOBAL_ACCENT_COLOR_NAME = AccentColor;
				CODE_SIGN_STYLE = Automatic;
				DEVELOPMENT_TEAM = T2MDBWF2GM;
				INFOPLIST_FILE = Info.plist;
				IPHONEOS_DEPLOYMENT_TARGET = 14.4;
				LD_RUNPATH_SEARCH_PATHS = (
					"$(inherited)",
					"@executable_path/Frameworks",
				);
				PRODUCT_BUNDLE_IDENTIFIER = com.ps.omarmattr.azkaree;
				PRODUCT_NAME = "$(TARGET_NAME)";
				SWIFT_VERSION = 5.0;
				TARGETED_DEVICE_FAMILY = "1,2";
			};
			name = Release;
		};
/* End XCBuildConfiguration section */

/* Begin XCConfigurationList section */
		8A05E7C3277476CC00A25C7C /* Build configuration list for PBXProject "azkaree" */ = {
			isa = XCConfigurationList;
			buildConfigurations = (
				8A05E7DA277476CE00A25C7C /* Debug */,
				8A05E7DB277476CE00A25C7C /* Release */,
			);
			defaultConfigurationIsVisible = 0;
			defaultConfigurationName = Release;
		};
		8A05E7DC277476CE00A25C7C /* Build configuration list for PBXNativeTarget "azkaree" */ = {
			isa = XCConfigurationList;
			buildConfigurations = (
				8A05E7DD277476CE00A25C7C /* Debug */,
				8A05E7DE277476CE00A25C7C /* Release */,
			);
			defaultConfigurationIsVisible = 0;
			defaultConfigurationName = Release;
		};
/* End XCConfigurationList section */
	};
	rootObject = 8A05E7C0277476CC00A25C7C /* Project object */;
}
